
Microsoft Visual Studio Solution File, Format Version 12.00
# Visual Studio Version 16
VisualStudioVersion = 16.0.30406.217
MinimumVisualStudioVersion = 10.0.40219.1
Project("{FAE04EC0-301F-11D3-BF4B-00C04F79EFBC}") = "tp1-WinForm", "tp1-WinForm\tp1-WinForm.csproj", "{7811A7AF-02A8-4B20-A2F2-8E0CDED3E8DB}"
EndProject
Project("{FAE04EC0-301F-11D3-BF4B-00C04F79EFBC}") = "Dominio", "Dominio\Dominio.csproj", "{C44B40A8-C37E-4AB5-9AA5-44E2A25E8E51}"
EndProject
Project("{FAE04EC0-301F-11D3-BF4B-00C04F79EFBC}") = "Negocio", "Negocio\Negocio.csproj", "{631BC6F5-06A7-48F3-BD34-FD8D3BAE0C69}"
EndProject
Global
	GlobalSection(SolutionConfigurationPlatforms) = preSolution
		Debug|Any CPU = Debug|Any CPU
		Release|Any CPU = Release|Any CPU
	EndGlobalSection
	GlobalSection(ProjectConfigurationPlatforms) = postSolution
		{7811A7AF-02A8-4B20-A2F2-8E0CDED3E8DB}.Debug|Any CPU.ActiveCfg = Debug|Any CPU
		{7811A7AF-02A8-4B20-A2F2-8E0CDED3E8DB}.Debug|Any CPU.Build.0 = Debug|Any CPU
		{7811A7AF-02A8-4B20-A2F2-8E0CDED3E8DB}.Release|Any CPU.ActiveCfg = Release|Any CPU
		{7811A7AF-02A8-4B20-A2F2-8E0CDED3E8DB}.Release|Any CPU.Build.0 = Release|Any CPU
		{C44B40A8-C37E-4AB5-9AA5-44E2A25E8E51}.Debug|Any CPU.ActiveCfg = Debug|Any CPU
		{C44B40A8-C37E-4AB5-9AA5-44E2A25E8E51}.Debug|Any CPU.Build.0 = Debug|Any CPU
		{C44B40A8-C37E-4AB5-9AA5-44E2A25E8E51}.Release|Any CPU.ActiveCfg = Release|Any CPU
		{C44B40A8-C37E-4AB5-9AA5-44E2A25E8E51}.Release|Any CPU.Build.0 = Release|Any CPU
		{631BC6F5-06A7-48F3-BD34-FD8D3BAE0C69}.Debug|Any CPU.ActiveCfg = Debug|Any CPU
		{631BC6F5-06A7-48F3-BD34-FD8D3BAE0C69}.Debug|Any CPU.Build.0 = Debug|Any CPU
		{631BC6F5-06A7-48F3-BD34-FD8D3BAE0C69}.Release|Any CPU.ActiveCfg = Release|Any CPU
		{631BC6F5-06A7-48F3-BD34-FD8D3BAE0C69}.Release|Any CPU.Build.0 = Release|Any CPU
	EndGlobalSection
	GlobalSection(SolutionProperties) = preSolution
		HideSolutionNode = FALSE
	EndGlobalSection
	GlobalSection(ExtensibilityGlobals) = postSolution
		SolutionGuid = {040D9218-BE3A-4E50-8BAB-73AC18B3B930}
	EndGlobalSection
EndGlobal
